
Microsoft Visual Studio Solution File, Format Version 12.00
# Visual Studio 15
VisualStudioVersion = 15.0.28307.852
MinimumVisualStudioVersion = 10.0.40219.1
Project("{FAE04EC0-301F-11D3-BF4B-00C04F79EFBC}") = "Receita", "Receita\Receita.csproj", "{024069D9-8A70-4C09-8E6F-052F6CD857F2}"
EndProject
Project("{FAE04EC0-301F-11D3-BF4B-00C04F79EFBC}") = "ReceitaTest", "ReceitaTest\ReceitaTest.csproj", "{7247E0DD-4D51-4E8D-BB2B-3A6C07CAEFE7}"
EndProject
Global
	GlobalSection(SolutionConfigurationPlatforms) = preSolution
		Debug|Any CPU = Debug|Any CPU
		Release|Any CPU = Release|Any CPU
	EndGlobalSection
	GlobalSection(ProjectConfigurationPlatforms) = postSolution
		{024069D9-8A70-4C09-8E6F-052F6CD857F2}.Debug|Any CPU.ActiveCfg = Debug|Any CPU
		{024069D9-8A70-4C09-8E6F-052F6CD857F2}.Debug|Any CPU.Build.0 = Debug|Any CPU
		{024069D9-8A70-4C09-8E6F-052F6CD857F2}.Release|Any CPU.ActiveCfg = Release|Any CPU
		{024069D9-8A70-4C09-8E6F-052F6CD857F2}.Release|Any CPU.Build.0 = Release|Any CPU
		{7247E0DD-4D51-4E8D-BB2B-3A6C07CAEFE7}.Debug|Any CPU.ActiveCfg = Debug|Any CPU
		{7247E0DD-4D51-4E8D-BB2B-3A6C07CAEFE7}.Debug|Any CPU.Build.0 = Debug|Any CPU
		{7247E0DD-4D51-4E8D-BB2B-3A6C07CAEFE7}.Release|Any CPU.ActiveCfg = Release|Any CPU
		{7247E0DD-4D51-4E8D-BB2B-3A6C07CAEFE7}.Release|Any CPU.Build.0 = Release|Any CPU
	EndGlobalSection
	GlobalSection(SolutionProperties) = preSolution
		HideSolutionNode = FALSE
	EndGlobalSection
	GlobalSection(ExtensibilityGlobals) = postSolution
		SolutionGuid = {5808DC5A-65E8-4CAA-983C-7F9D6140434F}
	EndGlobalSection
EndGlobal
